
Microsoft Visual Studio Solution File, Format Version 12.00
# Visual Studio Version 16
VisualStudioVersion = 16.0.31205.134
MinimumVisualStudioVersion = 10.0.40219.1
Project("{FAE04EC0-301F-11D3-BF4B-00C04F79EFBC}") = "DataAccess", "DataAccess\DataAccess.csproj", "{3D064690-09B5-4244-84E4-4E08A451427C}"
EndProject
Project("{FAE04EC0-301F-11D3-BF4B-00C04F79EFBC}") = "Business", "Business\Business.csproj", "{51DFEC33-F857-4DA9-9676-B144A18687CE}"
EndProject
Project("{FAE04EC0-301F-11D3-BF4B-00C04F79EFBC}") = "Entities", "Entities\Entities.csproj", "{1F893E4C-F14C-4D0D-9338-A72C12E43816}"
EndProject
Project("{FAE04EC0-301F-11D3-BF4B-00C04F79EFBC}") = "ConsoleUI", "ConsoleUI\ConsoleUI.csproj", "{40886DF8-B560-4DFC-AE25-81605B3127D7}"
EndProject
Global
	GlobalSection(SolutionConfigurationPlatforms) = preSolution
		Debug|Any CPU = Debug|Any CPU
		Release|Any CPU = Release|Any CPU
	EndGlobalSection
	GlobalSection(ProjectConfigurationPlatforms) = postSolution
		{3D064690-09B5-4244-84E4-4E08A451427C}.Debug|Any CPU.ActiveCfg = Debug|Any CPU
		{3D064690-09B5-4244-84E4-4E08A451427C}.Debug|Any CPU.Build.0 = Debug|Any CPU
		{3D064690-09B5-4244-84E4-4E08A451427C}.Release|Any CPU.ActiveCfg = Release|Any CPU
		{3D064690-09B5-4244-84E4-4E08A451427C}.Release|Any CPU.Build.0 = Release|Any CPU
		{51DFEC33-F857-4DA9-9676-B144A18687CE}.Debug|Any CPU.ActiveCfg = Debug|Any CPU
		{51DFEC33-F857-4DA9-9676-B144A18687CE}.Debug|Any CPU.Build.0 = Debug|Any CPU
		{51DFEC33-F857-4DA9-9676-B144A18687CE}.Release|Any CPU.ActiveCfg = Release|Any CPU
		{51DFEC33-F857-4DA9-9676-B144A18687CE}.Release|Any CPU.Build.0 = Release|Any CPU
		{1F893E4C-F14C-4D0D-9338-A72C12E43816}.Debug|Any CPU.ActiveCfg = Debug|Any CPU
		{1F893E4C-F14C-4D0D-9338-A72C12E43816}.Debug|Any CPU.Build.0 = Debug|Any CPU
		{1F893E4C-F14C-4D0D-9338-A72C12E43816}.Release|Any CPU.ActiveCfg = Release|Any CPU
		{1F893E4C-F14C-4D0D-9338-A72C12E43816}.Release|Any CPU.Build.0 = Release|Any CPU
		{40886DF8-B560-4DFC-AE25-81605B3127D7}.Debug|Any CPU.ActiveCfg = Debug|Any CPU
		{40886DF8-B560-4DFC-AE25-81605B3127D7}.Debug|Any CPU.Build.0 = Debug|Any CPU
		{40886DF8-B560-4DFC-AE25-81605B3127D7}.Release|Any CPU.ActiveCfg = Release|Any CPU
		{40886DF8-B560-4DFC-AE25-81605B3127D7}.Release|Any CPU.Build.0 = Release|Any CPU
	EndGlobalSection
	GlobalSection(SolutionProperties) = preSolution
		HideSolutionNode = FALSE
	EndGlobalSection
	GlobalSection(ExtensibilityGlobals) = postSolution
		SolutionGuid = {87F671DA-DC8B-47C7-9488-28742AE30836}
	EndGlobalSection
EndGlobal
